Microsoft Visual Studio Solution File, Format Version 12.00
# Visual Studio Version 17
VisualStudioVersion = 17.5.2.0
MinimumVisualStudioVersion = 10.0.40219.1
Project("{FAE04EC0-301F-11D3-BF4B-00C04F79EFBC}") = "Infrastructure.MessageBus", "Infrastructure.MessageBus.csproj", "{ECF9875F-2C30-D817-AA5F-9DD85EAA7B95}"
EndProject
Global
	GlobalSection(SolutionConfigurationPlatforms) = preSolution
		Debug|Any CPU = Debug|Any CPU
		Release|Any CPU = Release|Any CPU
	EndGlobalSection
	GlobalSection(ProjectConfigurationPlatforms) = postSolution
		{ECF9875F-2C30-D817-AA5F-9DD85EAA7B95}.Debug|Any CPU.ActiveCfg = Debug|Any CPU
		{ECF9875F-2C30-D817-AA5F-9DD85EAA7B95}.Debug|Any CPU.Build.0 = Debug|Any CPU
		{ECF9875F-2C30-D817-AA5F-9DD85EAA7B95}.Release|Any CPU.ActiveCfg = Release|Any CPU
		{ECF9875F-2C30-D817-AA5F-9DD85EAA7B95}.Release|Any CPU.Build.0 = Release|Any CPU
	EndGlobalSection
	GlobalSection(SolutionProperties) = preSolution
		HideSolutionNode = FALSE
	EndGlobalSection
	GlobalSection(ExtensibilityGlobals) = postSolution
		SolutionGuid = {F03BDE8B-8015-47A9-A986-973DD6E8618D}
	EndGlobalSection
EndGlobal
